
Microsoft Visual Studio Solution File, Format Version 12.00
# Visual Studio 15
VisualStudioVersion = 15.0.28307.136
MinimumVisualStudioVersion = 10.0.40219.1
Project("{FAE04EC0-301F-11D3-BF4B-00C04F79EFBC}") = "Logistickas", "Logistickas\Logistickas.csproj", "{EE2B229C-C004-4EF5-B326-C8AF008C1979}"
EndProject
Global
	GlobalSection(SolutionConfigurationPlatforms) = preSolution
		Debug|Any CPU = Debug|Any CPU
		Release|Any CPU = Release|Any CPU
	EndGlobalSection
	GlobalSection(ProjectConfigurationPlatforms) = postSolution
		{EE2B229C-C004-4EF5-B326-C8AF008C1979}.Debug|Any CPU.ActiveCfg = Debug|Any CPU
		{EE2B229C-C004-4EF5-B326-C8AF008C1979}.Debug|Any CPU.Build.0 = Debug|Any CPU
		{EE2B229C-C004-4EF5-B326-C8AF008C1979}.Release|Any CPU.ActiveCfg = Release|Any CPU
		{EE2B229C-C004-4EF5-B326-C8AF008C1979}.Release|Any CPU.Build.0 = Release|Any CPU
	EndGlobalSection
	GlobalSection(SolutionProperties) = preSolution
		HideSolutionNode = FALSE
	EndGlobalSection
	GlobalSection(ExtensibilityGlobals) = postSolution
		SolutionGuid = {0890508B-675E-4AE0-A520-9A8F3B748AA4}
	EndGlobalSection
EndGlobal
